<?xml version="1.0" encoding="utf-8"?>
<Project ToolsVersion="4.0" xmlns="http://schemas.microsoft.com/developer/msbuild/2003">
  <ItemGroup>
    <Filter Include="Source Files">
      <UniqueIdentifier>{4FC737F1-C7A5-4376-A066-2A32D752A2FF}</UniqueIdentifier>
      <Extensions>cpp;c;cc;cxx;c++;cppm;ixx;def;odl;idl;hpj;bat;asm;asmx</Extensions>
    </Filter>
    <Filter Include="Header Files">
      <UniqueIdentifier>{93995380-89BD-4b04-88EB-625FBE52EBFB}</UniqueIdentifier>
      <Extensions>h;hh;hpp;hxx;h++;hm;inl;inc;ipp;xsd</Extensions>
    </Filter>
    <Filter Include="C++14">
      <UniqueIdentifier>{382093c6-1b64-44d1-9be6-deaaca8a65dd}</UniqueIdentifier>
    </Filter>
    <Filter Include="CWrapper">
      <UniqueIdentifier>{e1a5b204-91f0-4756-bb41-4bac51a34273}</UniqueIdentifier>
    </Filter>
    <Filter Include="DumpBin">
      <UniqueIdentifier>{4d0815e4-63f8-437d-b4bc-1936f00b62a2}</UniqueIdentifier>
    </Filter>
  </ItemGroup>
  <ItemGroup>
    <None Include="cpp.hint" />
    <None Include=".clang-tidy" />
  </ItemGroup>
  <ItemGroup>
    <ClInclude Include="LinkErrorHelperTool.hpp">
      <Filter>Header Files</Filter>
    </ClInclude>
    <ClInclude Include="C++14Wrapper.hpp">
      <Filter>C++14</Filter>
    </ClInclude>
    <ClInclude Include="C_Wrapper.hpp">
      <Filter>CWrapper</Filter>
    </ClInclude>
    <ClInclude Include="DumpBin\DumpBinWrapper.hpp">
      <Filter>DumpBin</Filter>
    </ClInclude>
    <ClInclude Include="DumpBin\DumpBinContext.hpp">
      <Filter>DumpBin</Filter>
    </ClInclude>
  </ItemGroup>
  <ItemGroup>
    <ClCompile Include="LinkErrorHelperTool.cpp">
      <Filter>Source Files</Filter>
    </ClCompile>
    <ClCompile Include="C++14Wrapper.cpp">
      <Filter>C++14</Filter>
    </ClCompile>
    <ClCompile Include="C_Wrapper.cpp">
      <Filter>CWrapper</Filter>
    </ClCompile>
    <ClCompile Include="DumpBin\DumpBinWrapper.cpp">
      <Filter>DumpBin</Filter>
    </ClCompile>
  </ItemGroup>
</Project>