
Microsoft Visual Studio Solution File, Format Version 12.00
# Visual Studio Version 16
VisualStudioVersion = 16.0.33423.256
MinimumVisualStudioVersion = 10.0.40219.1
Project("{8BC9CEB8-8B4A-11D0-8D11-00A0C91BC942}") = "ConsoleApplication", "ConsoleApplication1\ConsoleApplication1.vcxproj", "{81D80580-8912-45BC-9B32-94F811F226A1}"
EndProject
Project("{8BC9CEB8-8B4A-11D0-8D11-00A0C91BC942}") = "LinkErrorHelperTool", "LinkErrorHelperTool\LinkErrorHelperTool.vcxproj", "{A4B449EC-D704-4CCE-AE00-558B33A87865}"
EndProject
Project("{8BC9CEB8-8B4A-11D0-8D11-00A0C91BC942}") = "TestApp", "TestApp\TestApp.vcxproj", "{07C7A09D-729E-47D8-B4E2-32956A4A3E0C}"
EndProject
Global
	GlobalSection(SolutionConfigurationPlatforms) = preSolution
		Debug|x64 = Debug|x64
		Debug|x86 = Debug|x86
		Release|x64 = Release|x64
		Release|x86 = Release|x86
	EndGlobalSection
	GlobalSection(ProjectConfigurationPlatforms) = postSolution
		{81D80580-8912-45BC-9B32-94F811F226A1}.Debug|x64.ActiveCfg = Debug|x64
		{81D80580-8912-45BC-9B32-94F811F226A1}.Debug|x64.Build.0 = Debug|x64
		{81D80580-8912-45BC-9B32-94F811F226A1}.Debug|x86.ActiveCfg = Debug|Win32
		{81D80580-8912-45BC-9B32-94F811F226A1}.Debug|x86.Build.0 = Debug|Win32
		{81D80580-8912-45BC-9B32-94F811F226A1}.Release|x64.ActiveCfg = Release|x64
		{81D80580-8912-45BC-9B32-94F811F226A1}.Release|x64.Build.0 = Release|x64
		{81D80580-8912-45BC-9B32-94F811F226A1}.Release|x86.ActiveCfg = Release|Win32
		{81D80580-8912-45BC-9B32-94F811F226A1}.Release|x86.Build.0 = Release|Win32
		{A4B449EC-D704-4CCE-AE00-558B33A87865}.Debug|x64.ActiveCfg = Debug|x64
		{A4B449EC-D704-4CCE-AE00-558B33A87865}.Debug|x64.Build.0 = Debug|x64
		{A4B449EC-D704-4CCE-AE00-558B33A87865}.Debug|x86.ActiveCfg = Debug|Win32
		{A4B449EC-D704-4CCE-AE00-558B33A87865}.Debug|x86.Build.0 = Debug|Win32
		{A4B449EC-D704-4CCE-AE00-558B33A87865}.Release|x64.ActiveCfg = Release|x64
		{A4B449EC-D704-4CCE-AE00-558B33A87865}.Release|x64.Build.0 = Release|x64
		{A4B449EC-D704-4CCE-AE00-558B33A87865}.Release|x86.ActiveCfg = Release|Win32
		{A4B449EC-D704-4CCE-AE00-558B33A87865}.Release|x86.Build.0 = Release|Win32
		{07C7A09D-729E-47D8-B4E2-32956A4A3E0C}.Debug|x64.ActiveCfg = Debug|x64
		{07C7A09D-729E-47D8-B4E2-32956A4A3E0C}.Debug|x64.Build.0 = Debug|x64
		{07C7A09D-729E-47D8-B4E2-32956A4A3E0C}.Debug|x86.ActiveCfg = Debug|Win32
		{07C7A09D-729E-47D8-B4E2-32956A4A3E0C}.Debug|x86.Build.0 = Debug|Win32
		{07C7A09D-729E-47D8-B4E2-32956A4A3E0C}.Release|x64.ActiveCfg = Release|x64
		{07C7A09D-729E-47D8-B4E2-32956A4A3E0C}.Release|x64.Build.0 = Release|x64
		{07C7A09D-729E-47D8-B4E2-32956A4A3E0C}.Release|x86.ActiveCfg = Release|Win32
		{07C7A09D-729E-47D8-B4E2-32956A4A3E0C}.Release|x86.Build.0 = Release|Win32
	EndGlobalSection
	GlobalSection(SolutionProperties) = preSolution
		HideSolutionNode = FALSE
	EndGlobalSection
	GlobalSection(ExtensibilityGlobals) = postSolution
		SolutionGuid = {67B8D100-BAB3-4FD6-A899-652CCE5DEB3C}
	EndGlobalSection
EndGlobal
